
Microsoft Visual Studio Solution File, Format Version 12.00
# Visual Studio 15
VisualStudioVersion = 15.0.26124.0
MinimumVisualStudioVersion = 15.0.26124.0
Project("{F2A71F9B-5D33-465A-A702-920D77279786}") = "AdventExtension", "src\AdventExtension.fsproj", "{F5D430E3-9D33-482C-BA05-8DF8A60F44EA}"
EndProject
Global
	GlobalSection(SolutionConfigurationPlatforms) = preSolution
		Debug|Any CPU = Debug|Any CPU
		Debug|x64 = Debug|x64
		Debug|x86 = Debug|x86
		Release|Any CPU = Release|Any CPU
		Release|x64 = Release|x64
		Release|x86 = Release|x86
	EndGlobalSection
	GlobalSection(SolutionProperties) = preSolution
		HideSolutionNode = FALSE
	EndGlobalSection
	GlobalSection(ProjectConfigurationPlatforms) = postSolution
		{F5D430E3-9D33-482C-BA05-8DF8A60F44EA}.Debug|Any CPU.ActiveCfg = Debug|Any CPU
		{F5D430E3-9D33-482C-BA05-8DF8A60F44EA}.Debug|Any CPU.Build.0 = Debug|Any CPU
		{F5D430E3-9D33-482C-BA05-8DF8A60F44EA}.Debug|x64.ActiveCfg = Debug|Any CPU
		{F5D430E3-9D33-482C-BA05-8DF8A60F44EA}.Debug|x64.Build.0 = Debug|Any CPU
		{F5D430E3-9D33-482C-BA05-8DF8A60F44EA}.Debug|x86.ActiveCfg = Debug|Any CPU
		{F5D430E3-9D33-482C-BA05-8DF8A60F44EA}.Debug|x86.Build.0 = Debug|Any CPU
		{F5D430E3-9D33-482C-BA05-8DF8A60F44EA}.Release|Any CPU.ActiveCfg = Release|Any CPU
		{F5D430E3-9D33-482C-BA05-8DF8A60F44EA}.Release|Any CPU.Build.0 = Release|Any CPU
		{F5D430E3-9D33-482C-BA05-8DF8A60F44EA}.Release|x64.ActiveCfg = Release|Any CPU
		{F5D430E3-9D33-482C-BA05-8DF8A60F44EA}.Release|x64.Build.0 = Release|Any CPU
		{F5D430E3-9D33-482C-BA05-8DF8A60F44EA}.Release|x86.ActiveCfg = Release|Any CPU
		{F5D430E3-9D33-482C-BA05-8DF8A60F44EA}.Release|x86.Build.0 = Release|Any CPU
	EndGlobalSection
EndGlobal
